
Microsoft Visual Studio Solution File, Format Version 12.00
# Visual Studio 15
VisualStudioVersion = 15.0.26403.7
MinimumVisualStudioVersion = 10.0.40219.1
Project("{FAE04EC0-301F-11D3-BF4B-00C04F79EFBC}") = "SpringTests", "test\src\SpringTests\SpringTests.csproj", "{465BE399-F1C5-4B6C-A77A-79390C45F8DB}"
EndProject
Project("{FAE04EC0-301F-11D3-BF4B-00C04F79EFBC}") = "Spring", "src\Spring\Spring.csproj", "{DD8EF49C-21F7-4527-94F2-B87C5E9FB0C3}"
EndProject
Global
	GlobalSection(SolutionConfigurationPlatforms) = preSolution
		Debug|Any CPU = Debug|Any CPU
		Release|Any CPU = Release|Any CPU
	EndGlobalSection
	GlobalSection(ProjectConfigurationPlatforms) = postSolution
		{465BE399-F1C5-4B6C-A77A-79390C45F8DB}.Debug|Any CPU.ActiveCfg = Debug|Any CPU
		{465BE399-F1C5-4B6C-A77A-79390C45F8DB}.Debug|Any CPU.Build.0 = Debug|Any CPU
		{465BE399-F1C5-4B6C-A77A-79390C45F8DB}.Release|Any CPU.ActiveCfg = Release|Any CPU
		{465BE399-F1C5-4B6C-A77A-79390C45F8DB}.Release|Any CPU.Build.0 = Release|Any CPU
		{DD8EF49C-21F7-4527-94F2-B87C5E9FB0C3}.Debug|Any CPU.ActiveCfg = Debug|Any CPU
		{DD8EF49C-21F7-4527-94F2-B87C5E9FB0C3}.Debug|Any CPU.Build.0 = Debug|Any CPU
		{DD8EF49C-21F7-4527-94F2-B87C5E9FB0C3}.Release|Any CPU.ActiveCfg = Release|Any CPU
		{DD8EF49C-21F7-4527-94F2-B87C5E9FB0C3}.Release|Any CPU.Build.0 = Release|Any CPU
	EndGlobalSection
	GlobalSection(SolutionProperties) = preSolution
		HideSolutionNode = FALSE
	EndGlobalSection
	GlobalSection(ExtensibilityGlobals) = postSolution
		SolutionGuid = {ECBA630B-A646-4BD5-83BA-C54B9428F084}
	EndGlobalSection
EndGlobal
