
Microsoft Visual Studio Solution File, Format Version 12.00
# Visual Studio 15
VisualStudioVersion = 15.0.26403.7
MinimumVisualStudioVersion = 10.0.40219.1
Project("{9A19103F-16F7-4668-BE54-9A1E7A4F7556}") = "Spring", "src\Spring\Spring.csproj", "{5BCAF64C-21D1-489C-ABAE-09011134F2A6}"
EndProject
Project("{FAE04EC0-301F-11D3-BF4B-00C04F79EFBC}") = "SpringTests", "test\src\SpringTests\SpringTests.csproj", "{465BE399-F1C5-4B6C-A77A-79390C45F8DB}"
EndProject
Global
	GlobalSection(SolutionConfigurationPlatforms) = preSolution
		Debug|Any CPU = Debug|Any CPU
		Release|Any CPU = Release|Any CPU
	EndGlobalSection
	GlobalSection(ProjectConfigurationPlatforms) = postSolution
		{5BCAF64C-21D1-489C-ABAE-09011134F2A6}.Debug|Any CPU.ActiveCfg = Debug|Any CPU
		{5BCAF64C-21D1-489C-ABAE-09011134F2A6}.Debug|Any CPU.Build.0 = Debug|Any CPU
		{5BCAF64C-21D1-489C-ABAE-09011134F2A6}.Release|Any CPU.ActiveCfg = Release|Any CPU
		{5BCAF64C-21D1-489C-ABAE-09011134F2A6}.Release|Any CPU.Build.0 = Release|Any CPU
		{465BE399-F1C5-4B6C-A77A-79390C45F8DB}.Debug|Any CPU.ActiveCfg = Debug|Any CPU
		{465BE399-F1C5-4B6C-A77A-79390C45F8DB}.Debug|Any CPU.Build.0 = Debug|Any CPU
		{465BE399-F1C5-4B6C-A77A-79390C45F8DB}.Release|Any CPU.ActiveCfg = Release|Any CPU
		{465BE399-F1C5-4B6C-A77A-79390C45F8DB}.Release|Any CPU.Build.0 = Release|Any CPU
	EndGlobalSection
	GlobalSection(SolutionProperties) = preSolution
		HideSolutionNode = FALSE
	EndGlobalSection
	GlobalSection(ExtensibilityGlobals) = postSolution
		SolutionGuid = {ECBA630B-A646-4BD5-83BA-C54B9428F084}
	EndGlobalSection
EndGlobal
